// !$*UTF8*$!
{
	archiveVersion = 1;
	classes = {
	};
	objectVersion = 46;
	objects = {

/* Begin PBXBuildFile section */
		068D35B603AA77EB5F7CD3FB /* Pods_WeatherLY.framework in Frameworks */ = {isa = PBXBuildFile; fileRef = FE937EE72498D8040393F3C7 /* Pods_WeatherLY.framework */; };
		844DE1371EF1D05C00184035 /* DailyCollectionViewCell.swift in Sources */ = {isa = PBXBuildFile; fileRef = 844DE1361EF1D05C00184035 /* DailyCollectionViewCell.swift */; };
		846BC8B11EBBC5BC008A6660 /* AppDelegate.swift in Sources */ = {isa = PBXBuildFile; fileRef = 846BC8B01EBBC5BC008A6660 /* AppDelegate.swift */; };
		846BC8B31EBBC5BC008A6660 /* ViewController.swift in Sources */ = {isa = PBXBuildFile; fileRef = 846BC8B21EBBC5BC008A6660 /* ViewController.swift */; };
		846BC8B61EBBC5BC008A6660 /* Main.storyboard in Resources */ = {isa = PBXBuildFile; fileRef = 846BC8B41EBBC5BC008A6660 /* Main.storyboard */; };
		846BC8B81EBBC5BC008A6660 /* Assets.xcassets in Resources */ = {isa = PBXBuildFile; fileRef = 846BC8B71EBBC5BC008A6660 /* Assets.xcassets */; };
		846BC8BB1EBBC5BC008A6660 /* LaunchScreen.storyboard in Resources */ = {isa = PBXBuildFile; fileRef = 846BC8B91EBBC5BC008A6660 /* LaunchScreen.storyboard */; };
		8471EE9C1EFAE7AF00CB6766 /* LineChartView+AxisFormatter.swift in Sources */ = {isa = PBXBuildFile; fileRef = 8471EE9B1EFAE7AF00CB6766 /* LineChartView+AxisFormatter.swift */; };
		84BB5C241EC39B06002F353D /* API_KEY.swift in Sources */ = {isa = PBXBuildFile; fileRef = 84BB5C231EC39B06002F353D /* API_KEY.swift */; };
		84E0C1231EC5BADD003B175C /* Weather.swift in Sources */ = {isa = PBXBuildFile; fileRef = 84E0C1221EC5BADD003B175C /* Weather.swift */; };
/* End PBXBuildFile section */

/* Begin PBXFileReference section */
		844DE1361EF1D05C00184035 /* DailyCollectionViewCell.swift */ = {isa = PBXFileReference; fileEncoding = 4; lastKnownFileType = sourcecode.swift; path = DailyCollectionViewCell.swift; sourceTree = "<group>"; };
		846BC8AD1EBBC5BC008A6660 /* WeatherLY.app */ = {isa = PBXFileReference; explicitFileType = wrapper.application; includeInIndex = 0; path = WeatherLY.app; sourceTree = BUILT_PRODUCTS_DIR; };
		846BC8B01EBBC5BC008A6660 /* AppDelegate.swift */ = {isa = PBXFileReference; lastKnownFileType = sourcecode.swift; path = AppDelegate.swift; sourceTree = "<group>"; };
		846BC8B21EBBC5BC008A6660 /* ViewController.swift */ = {isa = PBXFileReference; lastKnownFileType = sourcecode.swift; path = ViewController.swift; sourceTree = "<group>"; };
		846BC8B51EBBC5BC008A6660 /* Base */ = {isa = PBXFileReference; lastKnownFileType = file.storyboard; name = Base; path = Base.lproj/Main.storyboard; sourceTree = "<group>"; };
		846BC8B71EBBC5BC008A6660 /* Assets.xcassets */ = {isa = PBXFileReference; lastKnownFileType = folder.assetcatalog; path = Assets.xcassets; sourceTree = "<group>"; };
		846BC8BA1EBBC5BC008A6660 /* Base */ = {isa = PBXFileReference; lastKnownFileType = file.storyboard; name = Base; path = Base.lproj/LaunchScreen.storyboard; sourceTree = "<group>"; };
		846BC8BC1EBBC5BC008A6660 /* Info.plist */ = {isa = PBXFileReference; lastKnownFileType = text.plist.xml; path = Info.plist; sourceTree = "<group>"; };
		8471EE9B1EFAE7AF00CB6766 /* LineChartView+AxisFormatter.swift */ = {isa = PBXFileReference; fileEncoding = 4; lastKnownFileType = sourcecode.swift; path = "LineChartView+AxisFormatter.swift"; sourceTree = "<group>"; };
		84BB5C231EC39B06002F353D /* API_KEY.swift */ = {isa = PBXFileReference; fileEncoding = 4; lastKnownFileType = sourcecode.swift; path = API_KEY.swift; sourceTree = "<group>"; };
		84E0C1221EC5BADD003B175C /* Weather.swift */ = {isa = PBXFileReference; fileEncoding = 4; lastKnownFileType = sourcecode.swift; path = Weather.swift; sourceTree = "<group>"; };
		AA6A4C2345781BF3C13C5D77 /* Pods-WeatherLY.debug.xcconfig */ = {isa = PBXFileReference; includeInIndex = 1; lastKnownFileType = text.xcconfig; name = "Pods-WeatherLY.debug.xcconfig"; path = "Pods/Target Support Files/Pods-WeatherLY/Pods-WeatherLY.debug.xcconfig"; sourceTree = "<group>"; };
		F9C426519352E1C996AFA549 /* Pods-WeatherLY.release.xcconfig */ = {isa = PBXFileReference; includeInIndex = 1; lastKnownFileType = text.xcconfig; name = "Pods-WeatherLY.release.xcconfig"; path = "Pods/Target Support Files/Pods-WeatherLY/Pods-WeatherLY.release.xcconfig"; sourceTree = "<group>"; };
		FE937EE72498D8040393F3C7 /* Pods_WeatherLY.framework */ = {isa = PBXFileReference; explicitFileType = wrapper.framework; includeInIndex = 0; path = Pods_WeatherLY.framework; sourceTree = BUILT_PRODUCTS_DIR; };
/* End PBXFileReference section */

/* Begin PBXFrameworksBuildPhase section */
		846BC8AA1EBBC5BC008A6660 /* Frameworks */ = {
			isa = PBXFrameworksBuildPhase;
			buildActionMask = 2147483647;
			files = (
				068D35B603AA77EB5F7CD3FB /* Pods_WeatherLY.framework in Frameworks */,
			);
			runOnlyForDeploymentPostprocessing = 0;
		};
/* End PBXFrameworksBuildPhase section */

/* Begin PBXGroup section */
		4DC4BD95C0E0DCCF95693F7C /* Pods */ = {
			isa = PBXGroup;
			children = (
				AA6A4C2345781BF3C13C5D77 /* Pods-WeatherLY.debug.xcconfig */,
				F9C426519352E1C996AFA549 /* Pods-WeatherLY.release.xcconfig */,
			);
			name = Pods;
			sourceTree = "<group>";
		};
		844DE1351EF1D02900184035 /* View */ = {
			isa = PBXGroup;
			children = (
				844DE1361EF1D05C00184035 /* DailyCollectionViewCell.swift */,
			);
			name = View;
			sourceTree = "<group>";
		};
		846BC8A41EBBC5BB008A6660 = {
			isa = PBXGroup;
			children = (
				846BC8AF1EBBC5BC008A6660 /* WeatherLY */,
				846BC8AE1EBBC5BC008A6660 /* Products */,
				4DC4BD95C0E0DCCF95693F7C /* Pods */,
				C8AED53B614DCBE22F2FFB12 /* Frameworks */,
			);
			sourceTree = "<group>";
		};
		846BC8AE1EBBC5BC008A6660 /* Products */ = {
			isa = PBXGroup;
			children = (
				846BC8AD1EBBC5BC008A6660 /* WeatherLY.app */,
			);
			name = Products;
			sourceTree = "<group>";
		};
		846BC8AF1EBBC5BC008A6660 /* WeatherLY */ = {
			isa = PBXGroup;
			children = (
				844DE1351EF1D02900184035 /* View */,
				84BB5C221EC3989E002F353D /* Utility */,
				84BB5C211EC39896002F353D /* Controller */,
				84BB5C201EC3988E002F353D /* Model */,
				84E881E81EEECEFC000F3AE3 /* others */,
				846BC8B41EBBC5BC008A6660 /* Main.storyboard */,
				846BC8B71EBBC5BC008A6660 /* Assets.xcassets */,
			);
			path = WeatherLY;
			sourceTree = "<group>";
		};
		84BB5C201EC3988E002F353D /* Model */ = {
			isa = PBXGroup;
			children = (
				84E0C1221EC5BADD003B175C /* Weather.swift */,
			);
			name = Model;
			sourceTree = "<group>";
		};
		84BB5C211EC39896002F353D /* Controller */ = {
			isa = PBXGroup;
			children = (
				846BC8B21EBBC5BC008A6660 /* ViewController.swift */,
			);
			name = Controller;
			sourceTree = "<group>";
		};
		84BB5C221EC3989E002F353D /* Utility */ = {
			isa = PBXGroup;
			children = (
				84BB5C231EC39B06002F353D /* API_KEY.swift */,
				8471EE9B1EFAE7AF00CB6766 /* LineChartView+AxisFormatter.swift */,
			);
			name = Utility;
			sourceTree = "<group>";
		};
		84E881E81EEECEFC000F3AE3 /* others */ = {
			isa = PBXGroup;
			children = (
				846BC8B01EBBC5BC008A6660 /* AppDelegate.swift */,
				846BC8B91EBBC5BC008A6660 /* LaunchScreen.storyboard */,
				846BC8BC1EBBC5BC008A6660 /* Info.plist */,
			);
			name = others;
			sourceTree = "<group>";
		};
		C8AED53B614DCBE22F2FFB12 /* Frameworks */ = {
			isa = PBXGroup;
			children = (
				FE937EE72498D8040393F3C7 /* Pods_WeatherLY.framework */,
			);
			name = Frameworks;
			sourceTree = "<group>";
		};
/* End PBXGroup section */

/* Begin PBXNativeTarget section */
		846BC8AC1EBBC5BC008A6660 /* WeatherLY */ = {
			isa = PBXNativeTarget;
			buildConfigurationList = 846BC8BF1EBBC5BC008A6660 /* Build configuration list for PBXNativeTarget "WeatherLY" */;
			buildPhases = (
				32E25A66B5751B158252B7A0 /* [CP] Check Pods Manifest.lock */,
				846BC8A91EBBC5BC008A6660 /* Sources */,
				846BC8AA1EBBC5BC008A6660 /* Frameworks */,
				846BC8AB1EBBC5BC008A6660 /* Resources */,
				5DE4BD3D70C7F254C203DC4D /* [CP] Embed Pods Frameworks */,
				DA6D090510F6B44CC033EE7C /* [CP] Copy Pods Resources */,
			);
			buildRules = (
			);
			dependencies = (
			);
			name = WeatherLY;
			productName = WeatherLY;
			productReference = 846BC8AD1EBBC5BC008A6660 /* WeatherLY.app */;
			productType = "com.apple.product-type.application";
		};
/* End PBXNativeTarget section */

/* Begin PBXProject section */
		846BC8A51EBBC5BB008A6660 /* Project object */ = {
			isa = PBXProject;
			attributes = {
				LastSwiftUpdateCheck = 0820;
				LastUpgradeCheck = 0820;
				ORGANIZATIONNAME = c4idiots;
				TargetAttributes = {
					846BC8AC1EBBC5BC008A6660 = {
						CreatedOnToolsVersion = 8.2.1;
						ProvisioningStyle = Automatic;
					};
				};
			};
			buildConfigurationList = 846BC8A81EBBC5BB008A6660 /* Build configuration list for PBXProject "WeatherLY" */;
			compatibilityVersion = "Xcode 3.2";
			developmentRegion = English;
			hasScannedForEncodings = 0;
			knownRegions = (
				en,
				Base,
			);
			mainGroup = 846BC8A41EBBC5BB008A6660;
			productRefGroup = 846BC8AE1EBBC5BC008A6660 /* Products */;
			projectDirPath = "";
			projectRoot = "";
			targets = (
				846BC8AC1EBBC5BC008A6660 /* WeatherLY */,
			);
		};
/* End PBXProject section */

/* Begin PBXResourcesBuildPhase section */
		846BC8AB1EBBC5BC008A6660 /* Resources */ = {
			isa = PBXResourcesBuildPhase;
			buildActionMask = 2147483647;
			files = (
				846BC8BB1EBBC5BC008A6660 /* LaunchScreen.storyboard in Resources */,
				846BC8B81EBBC5BC008A6660 /* Assets.xcassets in Resources */,
				846BC8B61EBBC5BC008A6660 /* Main.storyboard in Resources */,
			);
			runOnlyForDeploymentPostprocessing = 0;
		};
/* End PBXResourcesBuildPhase section */

/* Begin PBXShellScriptBuildPhase section */
		32E25A66B5751B158252B7A0 /* [CP] Check Pods Manifest.lock */ = {
			isa = PBXShellScriptBuildPhase;
			buildActionMask = 2147483647;
			files = (
			);
			inputPaths = (
			);
			name = "[CP] Check Pods Manifest.lock";
			outputPaths = (
			);
			runOnlyForDeploymentPostprocessing = 0;
			shellPath = /bin/sh;
			shellScript = "diff \"${PODS_ROOT}/../Podfile.lock\" \"${PODS_ROOT}/Manifest.lock\" > /dev/null\nif [ $? != 0 ] ; then\n    # print error to STDERR\n    echo \"error: The sandbox is not in sync with the Podfile.lock. Run 'pod install' or update your CocoaPods installation.\" >&2\n    exit 1\nfi\n";
			showEnvVarsInLog = 0;
		};
		5DE4BD3D70C7F254C203DC4D /* [CP] Embed Pods Frameworks */ = {
			isa = PBXShellScriptBuildPhase;
			buildActionMask = 2147483647;
			files = (
			);
			inputPaths = (
			);
			name = "[CP] Embed Pods Frameworks";
			outputPaths = (
			);
			runOnlyForDeploymentPostprocessing = 0;
			shellPath = /bin/sh;
			shellScript = "\"${SRCROOT}/Pods/Target Support Files/Pods-WeatherLY/Pods-WeatherLY-frameworks.sh\"\n";
			showEnvVarsInLog = 0;
		};
		DA6D090510F6B44CC033EE7C /* [CP] Copy Pods Resources */ = {
			isa = PBXShellScriptBuildPhase;
			buildActionMask = 2147483647;
			files = (
			);
			inputPaths = (
			);
			name = "[CP] Copy Pods Resources";
			outputPaths = (
			);
			runOnlyForDeploymentPostprocessing = 0;
			shellPath = /bin/sh;
			shellScript = "\"${SRCROOT}/Pods/Target Support Files/Pods-WeatherLY/Pods-WeatherLY-resources.sh\"\n";
			showEnvVarsInLog = 0;
		};
/* End PBXShellScriptBuildPhase section */

/* Begin PBXSourcesBuildPhase section */
		846BC8A91EBBC5BC008A6660 /* Sources */ = {
			isa = PBXSourcesBuildPhase;
			buildActionMask = 2147483647;
			files = (
				844DE1371EF1D05C00184035 /* DailyCollectionViewCell.swift in Sources */,
				84E0C1231EC5BADD003B175C /* Weather.swift in Sources */,
				84BB5C241EC39B06002F353D /* API_KEY.swift in Sources */,
				846BC8B31EBBC5BC008A6660 /* ViewController.swift in Sources */,
				846BC8B11EBBC5BC008A6660 /* AppDelegate.swift in Sources */,
				8471EE9C1EFAE7AF00CB6766 /* LineChartView+AxisFormatter.swift in Sources */,
			);
			runOnlyForDeploymentPostprocessing = 0;
		};
/* End PBXSourcesBuildPhase section */

/* Begin PBXVariantGroup section */
		846BC8B41EBBC5BC008A6660 /* Main.storyboard */ = {
			isa = PBXVariantGroup;
			children = (
				846BC8B51EBBC5BC008A6660 /* Base */,
			);
			name = Main.storyboard;
			sourceTree = "<group>";
		};
		846BC8B91EBBC5BC008A6660 /* LaunchScreen.storyboard */ = {
			isa = PBXVariantGroup;
			children = (
				846BC8BA1EBBC5BC008A6660 /* Base */,
			);
			name = LaunchScreen.storyboard;
			sourceTree = "<group>";
		};
/* End PBXVariantGroup section */

/* Begin XCBuildConfiguration section */
		846BC8BD1EBBC5BC008A6660 /* Debug */ = {
			isa = XCBuildConfiguration;
			buildSettings = {
				ALWAYS_SEARCH_USER_PATHS = NO;
				CLANG_ANALYZER_NONNULL = YES;
				CLANG_CXX_LANGUAGE_STANDARD = "gnu++0x";
				CLANG_CXX_LIBRARY = "libc++";
				CLANG_ENABLE_MODULES = YES;
				CLANG_ENABLE_OBJC_ARC = YES;
				CLANG_WARN_BOOL_CONVERSION = YES;
				CLANG_WARN_CONSTANT_CONVERSION = YES;
				CLANG_WARN_DIRECT_OBJC_ISA_USAGE = YES_ERROR;
				CLANG_WARN_DOCUMENTATION_COMMENTS = YES;
				CLANG_WARN_EMPTY_BODY = YES;
				CLANG_WARN_ENUM_CONVERSION = YES;
				CLANG_WARN_INFINITE_RECURSION = YES;
				CLANG_WARN_INT_CONVERSION = YES;
				CLANG_WARN_OBJC_ROOT_CLASS = YES_ERROR;
				CLANG_WARN_SUSPICIOUS_MOVE = YES;
				CLANG_WARN_UNREACHABLE_CODE = YES;
				CLANG_WARN__DUPLICATE_METHOD_MATCH = YES;
				"CODE_SIGN_IDENTITY[sdk=iphoneos*]" = "iPhone Developer";
				COPY_PHASE_STRIP = NO;
				DEBUG_INFORMATION_FORMAT = dwarf;
				ENABLE_STRICT_OBJC_MSGSEND = YES;
				ENABLE_TESTABILITY = YES;
				GCC_C_LANGUAGE_STANDARD = gnu99;
				GCC_DYNAMIC_NO_PIC = NO;
				GCC_NO_COMMON_BLOCKS = YES;
				GCC_OPTIMIZATION_LEVEL = 0;
				GCC_PREPROCESSOR_DEFINITIONS = (
					"DEBUG=1",
					"$(inherited)",
				);
				GCC_WARN_64_TO_32_BIT_CONVERSION = YES;
				GCC_WARN_ABOUT_RETURN_TYPE = YES_ERROR;
				GCC_WARN_UNDECLARED_SELECTOR = YES;
				GCC_WARN_UNINITIALIZED_AUTOS = YES_AGGRESSIVE;
				GCC_WARN_UNUSED_FUNCTION = YES;
				GCC_WARN_UNUSED_VARIABLE = YES;
				IPHONEOS_DEPLOYMENT_TARGET = 10.2;
				MTL_ENABLE_DEBUG_INFO = YES;
				ONLY_ACTIVE_ARCH = YES;
				SDKROOT = iphoneos;
				SWIFT_ACTIVE_COMPILATION_CONDITIONS = DEBUG;
				SWIFT_OPTIMIZATION_LEVEL = "-Onone";
			};
			name = Debug;
		};
		846BC8BE1EBBC5BC008A6660 /* Release */ = {
			isa = XCBuildConfiguration;
			buildSettings = {
				ALWAYS_SEARCH_USER_PATHS = NO;
				CLANG_ANALYZER_NONNULL = YES;
				CLANG_CXX_LANGUAGE_STANDARD = "gnu++0x";
				CLANG_CXX_LIBRARY = "libc++";
				CLANG_ENABLE_MODULES = YES;
				CLANG_ENABLE_OBJC_ARC = YES;
				CLANG_WARN_BOOL_CONVERSION = YES;
				CLANG_WARN_CONSTANT_CONVERSION = YES;
				CLANG_WARN_DIRECT_OBJC_ISA_USAGE = YES_ERROR;
				CLANG_WARN_DOCUMENTATION_COMMENTS = YES;
				CLANG_WARN_EMPTY_BODY = YES;
				CLANG_WARN_ENUM_CONVERSION = YES;
				CLANG_WARN_INFINITE_RECURSION = YES;
				CLANG_WARN_INT_CONVERSION = YES;
				CLANG_WARN_OBJC_ROOT_CLASS = YES_ERROR;
				CLANG_WARN_SUSPICIOUS_MOVE = YES;
				CLANG_WARN_UNREACHABLE_CODE = YES;
				CLANG_WARN__DUPLICATE_METHOD_MATCH = YES;
				"CODE_SIGN_IDENTITY[sdk=iphoneos*]" = "iPhone Developer";
				COPY_PHASE_STRIP = NO;
				DEBUG_INFORMATION_FORMAT = "dwarf-with-dsym";
				ENABLE_NS_ASSERTIONS = NO;
				ENABLE_STRICT_OBJC_MSGSEND = YES;
				GCC_C_LANGUAGE_STANDARD = gnu99;
				GCC_NO_COMMON_BLOCKS = YES;
				GCC_WARN_64_TO_32_BIT_CONVERSION = YES;
				GCC_WARN_ABOUT_RETURN_TYPE = YES_ERROR;
				GCC_WARN_UNDECLARED_SELECTOR = YES;
				GCC_WARN_UNINITIALIZED_AUTOS = YES_AGGRESSIVE;
				GCC_WARN_UNUSED_FUNCTION = YES;
				GCC_WARN_UNUSED_VARIABLE = YES;
				IPHONEOS_DEPLOYMENT_TARGET = 10.2;
				MTL_ENABLE_DEBUG_INFO = NO;
				SDKROOT = iphoneos;
				SWIFT_OPTIMIZATION_LEVEL = "-Owholemodule";
				VALIDATE_PRODUCT = YES;
			};
			name = Release;
		};
		846BC8C01EBBC5BC008A6660 /* Debug */ = {
			isa = XCBuildConfiguration;
			baseConfigurationReference = AA6A4C2345781BF3C13C5D77 /* Pods-WeatherLY.debug.xcconfig */;
			buildSettings = {
				ASSETCATALOG_COMPILER_APPICON_NAME = AppIcon;
				INFOPLIST_FILE = WeatherLY/Info.plist;
				LD_RUNPATH_SEARCH_PATHS = "$(inherited) @executable_path/Frameworks";
				PRODUCT_BUNDLE_IDENTIFIER = c4idiots.boom.WeatherLY;
				PRODUCT_NAME = "$(TARGET_NAME)";
				SWIFT_VERSION = 3.0;
			};
			name = Debug;
		};
		846BC8C11EBBC5BC008A6660 /* Release */ = {
			isa = XCBuildConfiguration;
			baseConfigurationReference = F9C426519352E1C996AFA549 /* Pods-WeatherLY.release.xcconfig */;
			buildSettings = {
				ASSETCATALOG_COMPILER_APPICON_NAME = AppIcon;
				INFOPLIST_FILE = WeatherLY/Info.plist;
				LD_RUNPATH_SEARCH_PATHS = "$(inherited) @executable_path/Frameworks";
				PRODUCT_BUNDLE_IDENTIFIER = c4idiots.boom.WeatherLY;
				PRODUCT_NAME = "$(TARGET_NAME)";
				SWIFT_VERSION = 3.0;
			};
			name = Release;
		};
/* End XCBuildConfiguration section */

/* Begin XCConfigurationList section */
		846BC8A81EBBC5BB008A6660 /* Build configuration list for PBXProject "WeatherLY" */ = {
			isa = XCConfigurationList;
			buildConfigurations = (
				846BC8BD1EBBC5BC008A6660 /* Debug */,
				846BC8BE1EBBC5BC008A6660 /* Release */,
			);
			defaultConfigurationIsVisible = 0;
			defaultConfigurationName = Release;
		};
		846BC8BF1EBBC5BC008A6660 /* Build configuration list for PBXNativeTarget "WeatherLY" */ = {
			isa = XCConfigurationList;
			buildConfigurations = (
				846BC8C01EBBC5BC008A6660 /* Debug */,
				846BC8C11EBBC5BC008A6660 /* Release */,
			);
			defaultConfigurationIsVisible = 0;
			defaultConfigurationName = Release;
		};
/* End XCConfigurationList section */
	};
	rootObject = 846BC8A51EBBC5BB008A6660 /* Project object */;
}
